# This file is automatically @generated by Poetry 1.8.3 and should not be changed by hand.

[[package]]
name = "dishka"
version = "1.2.0"
description = "Minimal DI framework"
optional = false
python-versions = ">=3.10"
files = [
    {file = "dishka-1.2.0-py3-none-any.whl", hash = "sha256:d543497b611a448d14a4a138976435937b3b58e5657549f73e7df8c3fc04ccad"},
    {file = "dishka-1.2.0.tar.gz", hash = "sha256:aae988a49f9f5e591cb103c45287a709378b2f3924a95192fceede168f8605dd"},
]

[metadata]
lock-version = "2.0"
python-versions = "^3.11"
content-hash = "84b6673d562b4a76a08bfd873d1d64458fefccbd3a2e920047e4198d2fbebdb5"
